// !$*UTF8*$!
{
	archiveVersion = 1;
	classes = {
	};
	objectVersion = 46;
	objects = {

/* Begin PBXBuildFile section */
		1D9975581A9AD5940002BC33 /* AppDelegate.swift in Sources */ = {isa = PBXBuildFile; fileRef = 1D9975571A9AD5940002BC33 /* AppDelegate.swift */; };
		1D99755A1A9AD5940002BC33 /* ViewController.swift in Sources */ = {isa = PBXBuildFile; fileRef = 1D9975591A9AD5940002BC33 /* ViewController.swift */; };
		1D99755D1A9AD5940002BC33 /* Main.storyboard in Resources */ = {isa = PBXBuildFile; fileRef = 1D99755B1A9AD5940002BC33 /* Main.storyboard */; };
		1D99755F1A9AD5940002BC33 /* Images.xcassets in Resources */ = {isa = PBXBuildFile; fileRef = 1D99755E1A9AD5940002BC33 /* Images.xcassets */; };
		1D9975621A9AD5940002BC33 /* LaunchScreen.xib in Resources */ = {isa = PBXBuildFile; fileRef = 1D9975601A9AD5940002BC33 /* LaunchScreen.xib */; };
		1D99756E1A9AD5940002BC33 /* map_testTests.swift in Sources */ = {isa = PBXBuildFile; fileRef = 1D99756D1A9AD5940002BC33 /* map_testTests.swift */; };
		1D9975781A9AD59F0002BC33 /* MapKit.framework in Frameworks */ = {isa = PBXBuildFile; fileRef = 1D9975771A9AD59F0002BC33 /* MapKit.framework */; };
/* End PBXBuildFile section */

/* Begin PBXContainerItemProxy section */
		1D9975681A9AD5940002BC33 /* PBXContainerItemProxy */ = {
			isa = PBXContainerItemProxy;
			containerPortal = 1D99754A1A9AD5940002BC33 /* Project object */;
			proxyType = 1;
			remoteGlobalIDString = 1D9975511A9AD5940002BC33;
			remoteInfo = "map-test";
		};
/* End PBXContainerItemProxy section */

/* Begin PBXFileReference section */
		1D9975521A9AD5940002BC33 /* map-test.app */ = {isa = PBXFileReference; explicitFileType = wrapper.application; includeInIndex = 0; path = "map-test.app"; sourceTree = BUILT_PRODUCTS_DIR; };
		1D9975561A9AD5940002BC33 /* Info.plist */ = {isa = PBXFileReference; lastKnownFileType = text.plist.xml; path = Info.plist; sourceTree = "<group>"; };
		1D9975571A9AD5940002BC33 /* AppDelegate.swift */ = {isa = PBXFileReference; lastKnownFileType = sourcecode.swift; path = AppDelegate.swift; sourceTree = "<group>"; };
		1D9975591A9AD5940002BC33 /* ViewController.swift */ = {isa = PBXFileReference; lastKnownFileType = sourcecode.swift; path = ViewController.swift; sourceTree = "<group>"; };
		1D99755C1A9AD5940002BC33 /* Base */ = {isa = PBXFileReference; lastKnownFileType = file.storyboard; name = Base; path = Base.lproj/Main.storyboard; sourceTree = "<group>"; };
		1D99755E1A9AD5940002BC33 /* Images.xcassets */ = {isa = PBXFileReference; lastKnownFileType = folder.assetcatalog; path = Images.xcassets; sourceTree = "<group>"; };
		1D9975611A9AD5940002BC33 /* Base */ = {isa = PBXFileReference; lastKnownFileType = file.xib; name = Base; path = Base.lproj/LaunchScreen.xib; sourceTree = "<group>"; };
		1D9975671A9AD5940002BC33 /* map-testTests.xctest */ = {isa = PBXFileReference; explicitFileType = wrapper.cfbundle; includeInIndex = 0; path = "map-testTests.xctest"; sourceTree = BUILT_PRODUCTS_DIR; };
		1D99756C1A9AD5940002BC33 /* Info.plist */ = {isa = PBXFileReference; lastKnownFileType = text.plist.xml; path = Info.plist; sourceTree = "<group>"; };
		1D99756D1A9AD5940002BC33 /* map_testTests.swift */ = {isa = PBXFileReference; lastKnownFileType = sourcecode.swift; path = map_testTests.swift; sourceTree = "<group>"; };
		1D9975771A9AD59F0002BC33 /* MapKit.framework */ = {isa = PBXFileReference; lastKnownFileType = wrapper.framework; name = MapKit.framework; path = System/Library/Frameworks/MapKit.framework; sourceTree = SDKROOT; };
/* End PBXFileReference section */

/* Begin PBXFrameworksBuildPhase section */
		1D99754F1A9AD5940002BC33 /* Frameworks */ = {
			isa = PBXFrameworksBuildPhase;
			buildActionMask = 2147483647;
			files = (
				1D9975781A9AD59F0002BC33 /* MapKit.framework in Frameworks */,
			);
			runOnlyForDeploymentPostprocessing = 0;
		};
		1D9975641A9AD5940002BC33 /* Frameworks */ = {
			isa = PBXFrameworksBuildPhase;
			buildActionMask = 2147483647;
			files = (
			);
			runOnlyForDeploymentPostprocessing = 0;
		};
/* End PBXFrameworksBuildPhase section */

/* Begin PBXGroup section */
		1D9975491A9AD5940002BC33 = {
			isa = PBXGroup;
			children = (
				1D9975771A9AD59F0002BC33 /* MapKit.framework */,
				1D9975541A9AD5940002BC33 /* map-test */,
				1D99756A1A9AD5940002BC33 /* map-testTests */,
				1D9975531A9AD5940002BC33 /* Products */,
			);
			sourceTree = "<group>";
		};
		1D9975531A9AD5940002BC33 /* Products */ = {
			isa = PBXGroup;
			children = (
				1D9975521A9AD5940002BC33 /* map-test.app */,
				1D9975671A9AD5940002BC33 /* map-testTests.xctest */,
			);
			name = Products;
			sourceTree = "<group>";
		};
		1D9975541A9AD5940002BC33 /* map-test */ = {
			isa = PBXGroup;
			children = (
				1D9975571A9AD5940002BC33 /* AppDelegate.swift */,
				1D9975591A9AD5940002BC33 /* ViewController.swift */,
				1D99755B1A9AD5940002BC33 /* Main.storyboard */,
				1D99755E1A9AD5940002BC33 /* Images.xcassets */,
				1D9975601A9AD5940002BC33 /* LaunchScreen.xib */,
				1D9975551A9AD5940002BC33 /* Supporting Files */,
			);
			path = "map-test";
			sourceTree = "<group>";
		};
		1D9975551A9AD5940002BC33 /* Supporting Files */ = {
			isa = PBXGroup;
			children = (
				1D9975561A9AD5940002BC33 /* Info.plist */,
			);
			name = "Supporting Files";
			sourceTree = "<group>";
		};
		1D99756A1A9AD5940002BC33 /* map-testTests */ = {
			isa = PBXGroup;
			children = (
				1D99756D1A9AD5940002BC33 /* map_testTests.swift */,
				1D99756B1A9AD5940002BC33 /* Supporting Files */,
			);
			path = "map-testTests";
			sourceTree = "<group>";
		};
		1D99756B1A9AD5940002BC33 /* Supporting Files */ = {
			isa = PBXGroup;
			children = (
				1D99756C1A9AD5940002BC33 /* Info.plist */,
			);
			name = "Supporting Files";
			sourceTree = "<group>";
		};
/* End PBXGroup section */

/* Begin PBXNativeTarget section */
		1D9975511A9AD5940002BC33 /* map-test */ = {
			isa = PBXNativeTarget;
			buildConfigurationList = 1D9975711A9AD5940002BC33 /* Build configuration list for PBXNativeTarget "map-test" */;
			buildPhases = (
				1D99754E1A9AD5940002BC33 /* Sources */,
				1D99754F1A9AD5940002BC33 /* Frameworks */,
				1D9975501A9AD5940002BC33 /* Resources */,
			);
			buildRules = (
			);
			dependencies = (
			);
			name = "map-test";
			productName = "map-test";
			productReference = 1D9975521A9AD5940002BC33 /* map-test.app */;
			productType = "com.apple.product-type.application";
		};
		1D9975661A9AD5940002BC33 /* map-testTests */ = {
			isa = PBXNativeTarget;
			buildConfigurationList = 1D9975741A9AD5940002BC33 /* Build configuration list for PBXNativeTarget "map-testTests" */;
			buildPhases = (
				1D9975631A9AD5940002BC33 /* Sources */,
				1D9975641A9AD5940002BC33 /* Frameworks */,
				1D9975651A9AD5940002BC33 /* Resources */,
			);
			buildRules = (
			);
			dependencies = (
				1D9975691A9AD5940002BC33 /* PBXTargetDependency */,
			);
			name = "map-testTests";
			productName = "map-testTests";
			productReference = 1D9975671A9AD5940002BC33 /* map-testTests.xctest */;
			productType = "com.apple.product-type.bundle.unit-test";
		};
/* End PBXNativeTarget section */

/* Begin PBXProject section */
		1D99754A1A9AD5940002BC33 /* Project object */ = {
			isa = PBXProject;
			attributes = {
				LastUpgradeCheck = 0610;
				ORGANIZATIONNAME = "Brian Kobashikawa";
				TargetAttributes = {
					1D9975511A9AD5940002BC33 = {
						CreatedOnToolsVersion = 6.1.1;
					};
					1D9975661A9AD5940002BC33 = {
						CreatedOnToolsVersion = 6.1.1;
						TestTargetID = 1D9975511A9AD5940002BC33;
					};
				};
			};
			buildConfigurationList = 1D99754D1A9AD5940002BC33 /* Build configuration list for PBXProject "map-test" */;
			compatibilityVersion = "Xcode 3.2";
			developmentRegion = English;
			hasScannedForEncodings = 0;
			knownRegions = (
				en,
				Base,
			);
			mainGroup = 1D9975491A9AD5940002BC33;
			productRefGroup = 1D9975531A9AD5940002BC33 /* Products */;
			projectDirPath = "";
			projectRoot = "";
			targets = (
				1D9975511A9AD5940002BC33 /* map-test */,
				1D9975661A9AD5940002BC33 /* map-testTests */,
			);
		};
/* End PBXProject section */

/* Begin PBXResourcesBuildPhase section */
		1D9975501A9AD5940002BC33 /* Resources */ = {
			isa = PBXResourcesBuildPhase;
			buildActionMask = 2147483647;
			files = (
				1D99755D1A9AD5940002BC33 /* Main.storyboard in Resources */,
				1D9975621A9AD5940002BC33 /* LaunchScreen.xib in Resources */,
				1D99755F1A9AD5940002BC33 /* Images.xcassets in Resources */,
			);
			runOnlyForDeploymentPostprocessing = 0;
		};
		1D9975651A9AD5940002BC33 /* Resources */ = {
			isa = PBXResourcesBuildPhase;
			buildActionMask = 2147483647;
			files = (
			);
			runOnlyForDeploymentPostprocessing = 0;
		};
/* End PBXResourcesBuildPhase section */

/* Begin PBXSourcesBuildPhase section */
		1D99754E1A9AD5940002BC33 /* Sources */ = {
			isa = PBXSourcesBuildPhase;
			buildActionMask = 2147483647;
			files = (
				1D99755A1A9AD5940002BC33 /* ViewController.swift in Sources */,
				1D9975581A9AD5940002BC33 /* AppDelegate.swift in Sources */,
			);
			runOnlyForDeploymentPostprocessing = 0;
		};
		1D9975631A9AD5940002BC33 /* Sources */ = {
			isa = PBXSourcesBuildPhase;
			buildActionMask = 2147483647;
			files = (
				1D99756E1A9AD5940002BC33 /* map_testTests.swift in Sources */,
			);
			runOnlyForDeploymentPostprocessing = 0;
		};
/* End PBXSourcesBuildPhase section */

/* Begin PBXTargetDependency section */
		1D9975691A9AD5940002BC33 /* PBXTargetDependency */ = {
			isa = PBXTargetDependency;
			target = 1D9975511A9AD5940002BC33 /* map-test */;
			targetProxy = 1D9975681A9AD5940002BC33 /* PBXContainerItemProxy */;
		};
/* End PBXTargetDependency section */

/* Begin PBXVariantGroup section */
		1D99755B1A9AD5940002BC33 /* Main.storyboard */ = {
			isa = PBXVariantGroup;
			children = (
				1D99755C1A9AD5940002BC33 /* Base */,
			);
			name = Main.storyboard;
			sourceTree = "<group>";
		};
		1D9975601A9AD5940002BC33 /* LaunchScreen.xib */ = {
			isa = PBXVariantGroup;
			children = (
				1D9975611A9AD5940002BC33 /* Base */,
			);
			name = LaunchScreen.xib;
			sourceTree = "<group>";
		};
/* End PBXVariantGroup section */

/* Begin XCBuildConfiguration section */
		1D99756F1A9AD5940002BC33 /* Debug */ = {
			isa = XCBuildConfiguration;
			buildSettings = {
				ALWAYS_SEARCH_USER_PATHS = NO;
				CLANG_CXX_LANGUAGE_STANDARD = "gnu++0x";
				CLANG_CXX_LIBRARY = "libc++";
				CLANG_ENABLE_MODULES = YES;
				CLANG_ENABLE_OBJC_ARC = YES;
				CLANG_WARN_BOOL_CONVERSION = YES;
				CLANG_WARN_CONSTANT_CONVERSION = YES;
				CLANG_WARN_DIRECT_OBJC_ISA_USAGE = YES_ERROR;
				CLANG_WARN_EMPTY_BODY = YES;
				CLANG_WARN_ENUM_CONVERSION = YES;
				CLANG_WARN_INT_CONVERSION = YES;
				CLANG_WARN_OBJC_ROOT_CLASS = YES_ERROR;
				CLANG_WARN_UNREACHABLE_CODE = YES;
				CLANG_WARN__DUPLICATE_METHOD_MATCH = YES;
				"CODE_SIGN_IDENTITY[sdk=iphoneos*]" = "iPhone Developer";
				COPY_PHASE_STRIP = NO;
				ENABLE_STRICT_OBJC_MSGSEND = YES;
				GCC_C_LANGUAGE_STANDARD = gnu99;
				GCC_DYNAMIC_NO_PIC = NO;
				GCC_OPTIMIZATION_LEVEL = 0;
				GCC_PREPROCESSOR_DEFINITIONS = (
					"DEBUG=1",
					"$(inherited)",
				);
				GCC_SYMBOLS_PRIVATE_EXTERN = NO;
				GCC_WARN_64_TO_32_BIT_CONVERSION = YES;
				GCC_WARN_ABOUT_RETURN_TYPE = YES_ERROR;
				GCC_WARN_UNDECLARED_SELECTOR = YES;
				GCC_WARN_UNINITIALIZED_AUTOS = YES_AGGRESSIVE;
				GCC_WARN_UNUSED_FUNCTION = YES;
				GCC_WARN_UNUSED_VARIABLE = YES;
				IPHONEOS_DEPLOYMENT_TARGET = 8.1;
				MTL_ENABLE_DEBUG_INFO = YES;
				ONLY_ACTIVE_ARCH = YES;
				SDKROOT = iphoneos;
				SWIFT_OPTIMIZATION_LEVEL = "-Onone";
			};
			name = Debug;
		};
		1D9975701A9AD5940002BC33 /* Release */ = {
			isa = XCBuildConfiguration;
			buildSettings = {
				ALWAYS_SEARCH_USER_PATHS = NO;
				CLANG_CXX_LANGUAGE_STANDARD = "gnu++0x";
				CLANG_CXX_LIBRARY = "libc++";
				CLANG_ENABLE_MODULES = YES;
				CLANG_ENABLE_OBJC_ARC = YES;
				CLANG_WARN_BOOL_CONVERSION = YES;
				CLANG_WARN_CONSTANT_CONVERSION = YES;
				CLANG_WARN_DIRECT_OBJC_ISA_USAGE = YES_ERROR;
				CLANG_WARN_EMPTY_BODY = YES;
				CLANG_WARN_ENUM_CONVERSION = YES;
				CLANG_WARN_INT_CONVERSION = YES;
				CLANG_WARN_OBJC_ROOT_CLASS = YES_ERROR;
				CLANG_WARN_UNREACHABLE_CODE = YES;
				CLANG_WARN__DUPLICATE_METHOD_MATCH = YES;
				"CODE_SIGN_IDENTITY[sdk=iphoneos*]" = "iPhone Developer";
				COPY_PHASE_STRIP = YES;
				ENABLE_NS_ASSERTIONS = NO;
				ENABLE_STRICT_OBJC_MSGSEND = YES;
				GCC_C_LANGUAGE_STANDARD = gnu99;
				GCC_WARN_64_TO_32_BIT_CONVERSION = YES;
				GCC_WARN_ABOUT_RETURN_TYPE = YES_ERROR;
				GCC_WARN_UNDECLARED_SELECTOR = YES;
				GCC_WARN_UNINITIALIZED_AUTOS = YES_AGGRESSIVE;
				GCC_WARN_UNUSED_FUNCTION = YES;
				GCC_WARN_UNUSED_VARIABLE = YES;
				IPHONEOS_DEPLOYMENT_TARGET = 8.1;
				MTL_ENABLE_DEBUG_INFO = NO;
				SDKROOT = iphoneos;
				VALIDATE_PRODUCT = YES;
			};
			name = Release;
		};
		1D9975721A9AD5940002BC33 /* Debug */ = {
			isa = XCBuildConfiguration;
			buildSettings = {
				ASSETCATALOG_COMPILER_APPICON_NAME = AppIcon;
				INFOPLIST_FILE = "map-test/Info.plist";
				LD_RUNPATH_SEARCH_PATHS = "$(inherited) @executable_path/Frameworks";
				PRODUCT_NAME = "$(TARGET_NAME)";
			};
			name = Debug;
		};
		1D9975731A9AD5940002BC33 /* Release */ = {
			isa = XCBuildConfiguration;
			buildSettings = {
				ASSETCATALOG_COMPILER_APPICON_NAME = AppIcon;
				INFOPLIST_FILE = "map-test/Info.plist";
				LD_RUNPATH_SEARCH_PATHS = "$(inherited) @executable_path/Frameworks";
				PRODUCT_NAME = "$(TARGET_NAME)";
			};
			name = Release;
		};
		1D9975751A9AD5940002BC33 /* Debug */ = {
			isa = XCBuildConfiguration;
			buildSettings = {
				BUNDLE_LOADER = "$(TEST_HOST)";
				FRAMEWORK_SEARCH_PATHS = (
					"$(SDKROOT)/Developer/Library/Frameworks",
					"$(inherited)",
				);
				GCC_PREPROCESSOR_DEFINITIONS = (
					"DEBUG=1",
					"$(inherited)",
				);
				INFOPLIST_FILE = "map-testTests/Info.plist";
				LD_RUNPATH_SEARCH_PATHS = "$(inherited) @executable_path/Frameworks @loader_path/Frameworks";
				PRODUCT_NAME = "$(TARGET_NAME)";
				TEST_HOST = "$(BUILT_PRODUCTS_DIR)/map-test.app/map-test";
			};
			name = Debug;
		};
		1D9975761A9AD5940002BC33 /* Release */ = {
			isa = XCBuildConfiguration;
			buildSettings = {
				BUNDLE_LOADER = "$(TEST_HOST)";
				FRAMEWORK_SEARCH_PATHS = (
					"$(SDKROOT)/Developer/Library/Frameworks",
					"$(inherited)",
				);
				INFOPLIST_FILE = "map-testTests/Info.plist";
				LD_RUNPATH_SEARCH_PATHS = "$(inherited) @executable_path/Frameworks @loader_path/Frameworks";
				PRODUCT_NAME = "$(TARGET_NAME)";
				TEST_HOST = "$(BUILT_PRODUCTS_DIR)/map-test.app/map-test";
			};
			name = Release;
		};
/* End XCBuildConfiguration section */

/* Begin XCConfigurationList section */
		1D99754D1A9AD5940002BC33 /* Build configuration list for PBXProject "map-test" */ = {
			isa = XCConfigurationList;
			buildConfigurations = (
				1D99756F1A9AD5940002BC33 /* Debug */,
				1D9975701A9AD5940002BC33 /* Release */,
			);
			defaultConfigurationIsVisible = 0;
			defaultConfigurationName = Release;
		};
		1D9975711A9AD5940002BC33 /* Build configuration list for PBXNativeTarget "map-test" */ = {
			isa = XCConfigurationList;
			buildConfigurations = (
				1D9975721A9AD5940002BC33 /* Debug */,
				1D9975731A9AD5940002BC33 /* Release */,
			);
			defaultConfigurationIsVisible = 0;
		};
		1D9975741A9AD5940002BC33 /* Build configuration list for PBXNativeTarget "map-testTests" */ = {
			isa = XCConfigurationList;
			buildConfigurations = (
				1D9975751A9AD5940002BC33 /* Debug */,
				1D9975761A9AD5940002BC33 /* Release */,
			);
			defaultConfigurationIsVisible = 0;
		};
/* End XCConfigurationList section */
	};
	rootObject = 1D99754A1A9AD5940002BC33 /* Project object */;
}
